
Microsoft Visual Studio Solution File, Format Version 12.00
# Visual Studio 15
VisualStudioVersion = 15.0.27428.2005
MinimumVisualStudioVersion = 10.0.40219.1
Project("{FAE04EC0-301F-11D3-BF4B-00C04F79EFBC}") = "HelixBoss", "HelixBoss\HelixBoss.csproj", "{38377CC2-A1FA-498E-8911-ADF065327609}"
EndProject
Project("{FAE04EC0-301F-11D3-BF4B-00C04F79EFBC}") = "HelixBoss.Test", "HelixBoss.Test\HelixBoss.Test.csproj", "{28B2A672-0412-4DCE-B240-A5886ED278EC}"
EndProject
Global
	GlobalSection(SolutionConfigurationPlatforms) = preSolution
		Debug|Any CPU = Debug|Any CPU
		Release|Any CPU = Release|Any CPU
	EndGlobalSection
	GlobalSection(ProjectConfigurationPlatforms) = postSolution
		{38377CC2-A1FA-498E-8911-ADF065327609}.Debug|Any CPU.ActiveCfg = Debug|Any CPU
		{38377CC2-A1FA-498E-8911-ADF065327609}.Debug|Any CPU.Build.0 = Debug|Any CPU
		{38377CC2-A1FA-498E-8911-ADF065327609}.Release|Any CPU.ActiveCfg = Release|Any CPU
		{38377CC2-A1FA-498E-8911-ADF065327609}.Release|Any CPU.Build.0 = Release|Any CPU
		{28B2A672-0412-4DCE-B240-A5886ED278EC}.Debug|Any CPU.ActiveCfg = Debug|Any CPU
		{28B2A672-0412-4DCE-B240-A5886ED278EC}.Debug|Any CPU.Build.0 = Debug|Any CPU
		{28B2A672-0412-4DCE-B240-A5886ED278EC}.Release|Any CPU.ActiveCfg = Release|Any CPU
		{28B2A672-0412-4DCE-B240-A5886ED278EC}.Release|Any CPU.Build.0 = Release|Any CPU
	EndGlobalSection
	GlobalSection(SolutionProperties) = preSolution
		HideSolutionNode = FALSE
	EndGlobalSection
	GlobalSection(ExtensibilityGlobals) = postSolution
		SolutionGuid = {E957B9F5-3709-4B5B-8E24-3142D04DC02F}
	EndGlobalSection
EndGlobal
